
Microsoft Visual Studio Solution File, Format Version 12.00
# Visual Studio Version 17
VisualStudioVersion = 17.4.33213.308
MinimumVisualStudioVersion = 10.0.40219.1
Project("{FAE04EC0-301F-11D3-BF4B-00C04F79EFBC}") = "BlazorApp", "BlazorApp.csproj", "{D5EDF842-4C28-4F6D-86D6-10E52716BDE8}"
EndProject
Global
	GlobalSection(SolutionConfigurationPlatforms) = preSolution
		Debug|Any CPU = Debug|Any CPU
		Release|Any CPU = Release|Any CPU
	EndGlobalSection
	GlobalSection(ProjectConfigurationPlatforms) = postSolution
		{D5EDF842-4C28-4F6D-86D6-10E52716BDE8}.Debug|Any CPU.ActiveCfg = Debug|Any CPU
		{D5EDF842-4C28-4F6D-86D6-10E52716BDE8}.Debug|Any CPU.Build.0 = Debug|Any CPU
		{D5EDF842-4C28-4F6D-86D6-10E52716BDE8}.Release|Any CPU.ActiveCfg = Release|Any CPU
		{D5EDF842-4C28-4F6D-86D6-10E52716BDE8}.Release|Any CPU.Build.0 = Release|Any CPU
	EndGlobalSection
	GlobalSection(SolutionProperties) = preSolution
		HideSolutionNode = FALSE
	EndGlobalSection
	GlobalSection(ExtensibilityGlobals) = postSolution
		SolutionGuid = {4164A819-F6E4-4A53-BB57-5C09A04CE774}
	EndGlobalSection
EndGlobal
